
Microsoft Visual Studio Solution File, Format Version 12.00
# Visual Studio Version 16
VisualStudioVersion = 16.0.810.13
MinimumVisualStudioVersion = 10.0.40219.1
Project("{FAE04EC0-301F-11D3-BF4B-00C04F79EFBC}") = "SwaggerAPITesting", "SwaggerAPITesting\SwaggerAPITesting.csproj", "{9793461E-41D0-454F-9CE4-8343082BA915}"
EndProject
Global
	GlobalSection(SolutionConfigurationPlatforms) = preSolution
		Debug|Any CPU = Debug|Any CPU
		Release|Any CPU = Release|Any CPU
	EndGlobalSection
	GlobalSection(ProjectConfigurationPlatforms) = postSolution
		{9793461E-41D0-454F-9CE4-8343082BA915}.Debug|Any CPU.ActiveCfg = Debug|Any CPU
		{9793461E-41D0-454F-9CE4-8343082BA915}.Debug|Any CPU.Build.0 = Debug|Any CPU
		{9793461E-41D0-454F-9CE4-8343082BA915}.Release|Any CPU.ActiveCfg = Release|Any CPU
		{9793461E-41D0-454F-9CE4-8343082BA915}.Release|Any CPU.Build.0 = Release|Any CPU
	EndGlobalSection
	GlobalSection(SolutionProperties) = preSolution
		HideSolutionNode = FALSE
	EndGlobalSection
	GlobalSection(ExtensibilityGlobals) = postSolution
		SolutionGuid = {0652FFF2-FB1A-40FF-BDE5-7592D436BA13}
	EndGlobalSection
EndGlobal
